
Microsoft Visual Studio Solution File, Format Version 12.00
# Visual Studio 15
VisualStudioVersion = 15.0.26403.3
MinimumVisualStudioVersion = 10.0.40219.1
Project("{FAE04EC0-301F-11D3-BF4B-00C04F79EFBC}") = "Breakout", "Breakout\Breakout.csproj", "{E91CD3EA-4192-487B-B402-9DD9F020964F}"
EndProject
Project("{FAE04EC0-301F-11D3-BF4B-00C04F79EFBC}") = "ProjectTesting", "ProjectTesting\ProjectTesting.csproj", "{016F9B2F-34B2-4A40-8D88-26F87E86E316}"
EndProject
Global
	GlobalSection(SolutionConfigurationPlatforms) = preSolution
		Debug|ARM = Debug|ARM
		Debug|x64 = Debug|x64
		Debug|x86 = Debug|x86
		Release|ARM = Release|ARM
		Release|x64 = Release|x64
		Release|x86 = Release|x86
	EndGlobalSection
	GlobalSection(ProjectConfigurationPlatforms) = postSolution
		{E91CD3EA-4192-487B-B402-9DD9F020964F}.Debug|ARM.ActiveCfg = Debug|ARM
		{E91CD3EA-4192-487B-B402-9DD9F020964F}.Debug|ARM.Build.0 = Debug|ARM
		{E91CD3EA-4192-487B-B402-9DD9F020964F}.Debug|ARM.Deploy.0 = Debug|ARM
		{E91CD3EA-4192-487B-B402-9DD9F020964F}.Debug|x64.ActiveCfg = Debug|x64
		{E91CD3EA-4192-487B-B402-9DD9F020964F}.Debug|x64.Build.0 = Debug|x64
		{E91CD3EA-4192-487B-B402-9DD9F020964F}.Debug|x64.Deploy.0 = Debug|x64
		{E91CD3EA-4192-487B-B402-9DD9F020964F}.Debug|x86.ActiveCfg = Debug|x86
		{E91CD3EA-4192-487B-B402-9DD9F020964F}.Debug|x86.Build.0 = Debug|x86
		{E91CD3EA-4192-487B-B402-9DD9F020964F}.Debug|x86.Deploy.0 = Debug|x86
		{E91CD3EA-4192-487B-B402-9DD9F020964F}.Release|ARM.ActiveCfg = Release|ARM
		{E91CD3EA-4192-487B-B402-9DD9F020964F}.Release|ARM.Build.0 = Release|ARM
		{E91CD3EA-4192-487B-B402-9DD9F020964F}.Release|ARM.Deploy.0 = Release|ARM
		{E91CD3EA-4192-487B-B402-9DD9F020964F}.Release|x64.ActiveCfg = Release|x64
		{E91CD3EA-4192-487B-B402-9DD9F020964F}.Release|x64.Build.0 = Release|x64
		{E91CD3EA-4192-487B-B402-9DD9F020964F}.Release|x64.Deploy.0 = Release|x64
		{E91CD3EA-4192-487B-B402-9DD9F020964F}.Release|x86.ActiveCfg = Release|x86
		{E91CD3EA-4192-487B-B402-9DD9F020964F}.Release|x86.Build.0 = Release|x86
		{E91CD3EA-4192-487B-B402-9DD9F020964F}.Release|x86.Deploy.0 = Release|x86
		{016F9B2F-34B2-4A40-8D88-26F87E86E316}.Debug|ARM.ActiveCfg = Debug|ARM
		{016F9B2F-34B2-4A40-8D88-26F87E86E316}.Debug|ARM.Build.0 = Debug|ARM
		{016F9B2F-34B2-4A40-8D88-26F87E86E316}.Debug|ARM.Deploy.0 = Debug|ARM
		{016F9B2F-34B2-4A40-8D88-26F87E86E316}.Debug|x64.ActiveCfg = Debug|x64
		{016F9B2F-34B2-4A40-8D88-26F87E86E316}.Debug|x64.Build.0 = Debug|x64
		{016F9B2F-34B2-4A40-8D88-26F87E86E316}.Debug|x64.Deploy.0 = Debug|x64
		{016F9B2F-34B2-4A40-8D88-26F87E86E316}.Debug|x86.ActiveCfg = Debug|x86
		{016F9B2F-34B2-4A40-8D88-26F87E86E316}.Debug|x86.Build.0 = Debug|x86
		{016F9B2F-34B2-4A40-8D88-26F87E86E316}.Debug|x86.Deploy.0 = Debug|x86
		{016F9B2F-34B2-4A40-8D88-26F87E86E316}.Release|ARM.ActiveCfg = Release|ARM
		{016F9B2F-34B2-4A40-8D88-26F87E86E316}.Release|ARM.Build.0 = Release|ARM
		{016F9B2F-34B2-4A40-8D88-26F87E86E316}.Release|ARM.Deploy.0 = Release|ARM
		{016F9B2F-34B2-4A40-8D88-26F87E86E316}.Release|x64.ActiveCfg = Release|x64
		{016F9B2F-34B2-4A40-8D88-26F87E86E316}.Release|x64.Build.0 = Release|x64
		{016F9B2F-34B2-4A40-8D88-26F87E86E316}.Release|x64.Deploy.0 = Release|x64
		{016F9B2F-34B2-4A40-8D88-26F87E86E316}.Release|x86.ActiveCfg = Release|x86
		{016F9B2F-34B2-4A40-8D88-26F87E86E316}.Release|x86.Build.0 = Release|x86
		{016F9B2F-34B2-4A40-8D88-26F87E86E316}.Release|x86.Deploy.0 = Release|x86
	EndGlobalSection
	GlobalSection(SolutionProperties) = preSolution
		HideSolutionNode = FALSE
	EndGlobalSection
EndGlobal
